// !$*UTF8*$!
{
	archiveVersion = 1;
	classes = {
	};
	objectVersion = 46;
	objects = {

/* Begin PBXBuildFile section */
		FA1927A61B0C6DF400B2F0CD /* main.m in Sources */ = {isa = PBXBuildFile; fileRef = FA1927A51B0C6DF400B2F0CD /* main.m */; };
		FA1927A91B0C6DF400B2F0CD /* AppDelegate.m in Sources */ = {isa = PBXBuildFile; fileRef = FA1927A81B0C6DF400B2F0CD /* AppDelegate.m */; };
		FA1927AC1B0C6DF400B2F0CD /* ViewController.m in Sources */ = {isa = PBXBuildFile; fileRef = FA1927AB1B0C6DF400B2F0CD /* ViewController.m */; };
		FA1927AF1B0C6DF400B2F0CD /* Main.storyboard in Resources */ = {isa = PBXBuildFile; fileRef = FA1927AD1B0C6DF400B2F0CD /* Main.storyboard */; };
		FA1927B11B0C6DF400B2F0CD /* Images.xcassets in Resources */ = {isa = PBXBuildFile; fileRef = FA1927B01B0C6DF400B2F0CD /* Images.xcassets */; };
		FA1927B41B0C6DF400B2F0CD /* LaunchScreen.xib in Resources */ = {isa = PBXBuildFile; fileRef = FA1927B21B0C6DF400B2F0CD /* LaunchScreen.xib */; };
		FA1927C01B0C6DF400B2F0CD /* arrayProjectTests.m in Sources */ = {isa = PBXBuildFile; fileRef = FA1927BF1B0C6DF400B2F0CD /* arrayProjectTests.m */; };
/* End PBXBuildFile section */

/* Begin PBXContainerItemProxy section */
		FA1927BA1B0C6DF400B2F0CD /* PBXContainerItemProxy */ = {
			isa = PBXContainerItemProxy;
			containerPortal = FA1927981B0C6DF400B2F0CD /* Project object */;
			proxyType = 1;
			remoteGlobalIDString = FA19279F1B0C6DF400B2F0CD;
			remoteInfo = arrayProject;
		};
/* End PBXContainerItemProxy section */

/* Begin PBXFileReference section */
		FA1927A01B0C6DF400B2F0CD /* arrayProject.app */ = {isa = PBXFileReference; explicitFileType = wrapper.application; includeInIndex = 0; path = arrayProject.app; sourceTree = BUILT_PRODUCTS_DIR; };
		FA1927A41B0C6DF400B2F0CD /* Info.plist */ = {isa = PBXFileReference; lastKnownFileType = text.plist.xml; path = Info.plist; sourceTree = "<group>"; };
		FA1927A51B0C6DF400B2F0CD /* main.m */ = {isa = PBXFileReference; lastKnownFileType = sourcecode.c.objc; path = main.m; sourceTree = "<group>"; };
		FA1927A71B0C6DF400B2F0CD /* AppDelegate.h */ = {isa = PBXFileReference; lastKnownFileType = sourcecode.c.h; path = AppDelegate.h; sourceTree = "<group>"; };
		FA1927A81B0C6DF400B2F0CD /* AppDelegate.m */ = {isa = PBXFileReference; lastKnownFileType = sourcecode.c.objc; path = AppDelegate.m; sourceTree = "<group>"; };
		FA1927AA1B0C6DF400B2F0CD /* ViewController.h */ = {isa = PBXFileReference; lastKnownFileType = sourcecode.c.h; path = ViewController.h; sourceTree = "<group>"; };
		FA1927AB1B0C6DF400B2F0CD /* ViewController.m */ = {isa = PBXFileReference; lastKnownFileType = sourcecode.c.objc; path = ViewController.m; sourceTree = "<group>"; };
		FA1927AE1B0C6DF400B2F0CD /* Base */ = {isa = PBXFileReference; lastKnownFileType = file.storyboard; name = Base; path = Base.lproj/Main.storyboard; sourceTree = "<group>"; };
		FA1927B01B0C6DF400B2F0CD /* Images.xcassets */ = {isa = PBXFileReference; lastKnownFileType = folder.assetcatalog; path = Images.xcassets; sourceTree = "<group>"; };
		FA1927B31B0C6DF400B2F0CD /* Base */ = {isa = PBXFileReference; lastKnownFileType = file.xib; name = Base; path = Base.lproj/LaunchScreen.xib; sourceTree = "<group>"; };
		FA1927B91B0C6DF400B2F0CD /* arrayProjectTests.xctest */ = {isa = PBXFileReference; explicitFileType = wrapper.cfbundle; includeInIndex = 0; path = arrayProjectTests.xctest; sourceTree = BUILT_PRODUCTS_DIR; };
		FA1927BE1B0C6DF400B2F0CD /* Info.plist */ = {isa = PBXFileReference; lastKnownFileType = text.plist.xml; path = Info.plist; sourceTree = "<group>"; };
		FA1927BF1B0C6DF400B2F0CD /* arrayProjectTests.m */ = {isa = PBXFileReference; lastKnownFileType = sourcecode.c.objc; path = arrayProjectTests.m; sourceTree = "<group>"; };
/* End PBXFileReference section */

/* Begin PBXFrameworksBuildPhase section */
		FA19279D1B0C6DF400B2F0CD /* Frameworks */ = {
			isa = PBXFrameworksBuildPhase;
			buildActionMask = 2147483647;
			files = (
			);
			runOnlyForDeploymentPostprocessing = 0;
		};
		FA1927B61B0C6DF400B2F0CD /* Frameworks */ = {
			isa = PBXFrameworksBuildPhase;
			buildActionMask = 2147483647;
			files = (
			);
			runOnlyForDeploymentPostprocessing = 0;
		};
/* End PBXFrameworksBuildPhase section */

/* Begin PBXGroup section */
		FA1927971B0C6DF400B2F0CD = {
			isa = PBXGroup;
			children = (
				FA1927A21B0C6DF400B2F0CD /* arrayProject */,
				FA1927BC1B0C6DF400B2F0CD /* arrayProjectTests */,
				FA1927A11B0C6DF400B2F0CD /* Products */,
			);
			sourceTree = "<group>";
		};
		FA1927A11B0C6DF400B2F0CD /* Products */ = {
			isa = PBXGroup;
			children = (
				FA1927A01B0C6DF400B2F0CD /* arrayProject.app */,
				FA1927B91B0C6DF400B2F0CD /* arrayProjectTests.xctest */,
			);
			name = Products;
			sourceTree = "<group>";
		};
		FA1927A21B0C6DF400B2F0CD /* arrayProject */ = {
			isa = PBXGroup;
			children = (
				FA1927A71B0C6DF400B2F0CD /* AppDelegate.h */,
				FA1927A81B0C6DF400B2F0CD /* AppDelegate.m */,
				FA1927AA1B0C6DF400B2F0CD /* ViewController.h */,
				FA1927AB1B0C6DF400B2F0CD /* ViewController.m */,
				FA1927AD1B0C6DF400B2F0CD /* Main.storyboard */,
				FA1927B01B0C6DF400B2F0CD /* Images.xcassets */,
				FA1927B21B0C6DF400B2F0CD /* LaunchScreen.xib */,
				FA1927A31B0C6DF400B2F0CD /* Supporting Files */,
			);
			path = arrayProject;
			sourceTree = "<group>";
		};
		FA1927A31B0C6DF400B2F0CD /* Supporting Files */ = {
			isa = PBXGroup;
			children = (
				FA1927A41B0C6DF400B2F0CD /* Info.plist */,
				FA1927A51B0C6DF400B2F0CD /* main.m */,
			);
			name = "Supporting Files";
			sourceTree = "<group>";
		};
		FA1927BC1B0C6DF400B2F0CD /* arrayProjectTests */ = {
			isa = PBXGroup;
			children = (
				FA1927BF1B0C6DF400B2F0CD /* arrayProjectTests.m */,
				FA1927BD1B0C6DF400B2F0CD /* Supporting Files */,
			);
			path = arrayProjectTests;
			sourceTree = "<group>";
		};
		FA1927BD1B0C6DF400B2F0CD /* Supporting Files */ = {
			isa = PBXGroup;
			children = (
				FA1927BE1B0C6DF400B2F0CD /* Info.plist */,
			);
			name = "Supporting Files";
			sourceTree = "<group>";
		};
/* End PBXGroup section */

/* Begin PBXNativeTarget section */
		FA19279F1B0C6DF400B2F0CD /* arrayProject */ = {
			isa = PBXNativeTarget;
			buildConfigurationList = FA1927C31B0C6DF400B2F0CD /* Build configuration list for PBXNativeTarget "arrayProject" */;
			buildPhases = (
				FA19279C1B0C6DF400B2F0CD /* Sources */,
				FA19279D1B0C6DF400B2F0CD /* Frameworks */,
				FA19279E1B0C6DF400B2F0CD /* Resources */,
			);
			buildRules = (
			);
			dependencies = (
			);
			name = arrayProject;
			productName = arrayProject;
			productReference = FA1927A01B0C6DF400B2F0CD /* arrayProject.app */;
			productType = "com.apple.product-type.application";
		};
		FA1927B81B0C6DF400B2F0CD /* arrayProjectTests */ = {
			isa = PBXNativeTarget;
			buildConfigurationList = FA1927C61B0C6DF400B2F0CD /* Build configuration list for PBXNativeTarget "arrayProjectTests" */;
			buildPhases = (
				FA1927B51B0C6DF400B2F0CD /* Sources */,
				FA1927B61B0C6DF400B2F0CD /* Frameworks */,
				FA1927B71B0C6DF400B2F0CD /* Resources */,
			);
			buildRules = (
			);
			dependencies = (
				FA1927BB1B0C6DF400B2F0CD /* PBXTargetDependency */,
			);
			name = arrayProjectTests;
			productName = arrayProjectTests;
			productReference = FA1927B91B0C6DF400B2F0CD /* arrayProjectTests.xctest */;
			productType = "com.apple.product-type.bundle.unit-test";
		};
/* End PBXNativeTarget section */

/* Begin PBXProject section */
		FA1927981B0C6DF400B2F0CD /* Project object */ = {
			isa = PBXProject;
			attributes = {
				LastUpgradeCheck = 0630;
				ORGANIZATIONNAME = "king khan";
				TargetAttributes = {
					FA19279F1B0C6DF400B2F0CD = {
						CreatedOnToolsVersion = 6.3.2;
					};
					FA1927B81B0C6DF400B2F0CD = {
						CreatedOnToolsVersion = 6.3.2;
						TestTargetID = FA19279F1B0C6DF400B2F0CD;
					};
				};
			};
			buildConfigurationList = FA19279B1B0C6DF400B2F0CD /* Build configuration list for PBXProject "arrayProject" */;
			compatibilityVersion = "Xcode 3.2";
			developmentRegion = English;
			hasScannedForEncodings = 0;
			knownRegions = (
				en,
				Base,
			);
			mainGroup = FA1927971B0C6DF400B2F0CD;
			productRefGroup = FA1927A11B0C6DF400B2F0CD /* Products */;
			projectDirPath = "";
			projectRoot = "";
			targets = (
				FA19279F1B0C6DF400B2F0CD /* arrayProject */,
				FA1927B81B0C6DF400B2F0CD /* arrayProjectTests */,
			);
		};
/* End PBXProject section */

/* Begin PBXResourcesBuildPhase section */
		FA19279E1B0C6DF400B2F0CD /* Resources */ = {
			isa = PBXResourcesBuildPhase;
			buildActionMask = 2147483647;
			files = (
				FA1927AF1B0C6DF400B2F0CD /* Main.storyboard in Resources */,
				FA1927B41B0C6DF400B2F0CD /* LaunchScreen.xib in Resources */,
				FA1927B11B0C6DF400B2F0CD /* Images.xcassets in Resources */,
			);
			runOnlyForDeploymentPostprocessing = 0;
		};
		FA1927B71B0C6DF400B2F0CD /* Resources */ = {
			isa = PBXResourcesBuildPhase;
			buildActionMask = 2147483647;
			files = (
			);
			runOnlyForDeploymentPostprocessing = 0;
		};
/* End PBXResourcesBuildPhase section */

/* Begin PBXSourcesBuildPhase section */
		FA19279C1B0C6DF400B2F0CD /* Sources */ = {
			isa = PBXSourcesBuildPhase;
			buildActionMask = 2147483647;
			files = (
				FA1927AC1B0C6DF400B2F0CD /* ViewController.m in Sources */,
				FA1927A91B0C6DF400B2F0CD /* AppDelegate.m in Sources */,
				FA1927A61B0C6DF400B2F0CD /* main.m in Sources */,
			);
			runOnlyForDeploymentPostprocessing = 0;
		};
		FA1927B51B0C6DF400B2F0CD /* Sources */ = {
			isa = PBXSourcesBuildPhase;
			buildActionMask = 2147483647;
			files = (
				FA1927C01B0C6DF400B2F0CD /* arrayProjectTests.m in Sources */,
			);
			runOnlyForDeploymentPostprocessing = 0;
		};
/* End PBXSourcesBuildPhase section */

/* Begin PBXTargetDependency section */
		FA1927BB1B0C6DF400B2F0CD /* PBXTargetDependency */ = {
			isa = PBXTargetDependency;
			target = FA19279F1B0C6DF400B2F0CD /* arrayProject */;
			targetProxy = FA1927BA1B0C6DF400B2F0CD /* PBXContainerItemProxy */;
		};
/* End PBXTargetDependency section */

/* Begin PBXVariantGroup section */
		FA1927AD1B0C6DF400B2F0CD /* Main.storyboard */ = {
			isa = PBXVariantGroup;
			children = (
				FA1927AE1B0C6DF400B2F0CD /* Base */,
			);
			name = Main.storyboard;
			sourceTree = "<group>";
		};
		FA1927B21B0C6DF400B2F0CD /* LaunchScreen.xib */ = {
			isa = PBXVariantGroup;
			children = (
				FA1927B31B0C6DF400B2F0CD /* Base */,
			);
			name = LaunchScreen.xib;
			sourceTree = "<group>";
		};
/* End PBXVariantGroup section */

/* Begin XCBuildConfiguration section */
		FA1927C11B0C6DF400B2F0CD /* Debug */ = {
			isa = XCBuildConfiguration;
			buildSettings = {
				ALWAYS_SEARCH_USER_PATHS = NO;
				CLANG_CXX_LANGUAGE_STANDARD = "gnu++0x";
				CLANG_CXX_LIBRARY = "libc++";
				CLANG_ENABLE_MODULES = YES;
				CLANG_ENABLE_OBJC_ARC = YES;
				CLANG_WARN_BOOL_CONVERSION = YES;
				CLANG_WARN_CONSTANT_CONVERSION = YES;
				CLANG_WARN_DIRECT_OBJC_ISA_USAGE = YES_ERROR;
				CLANG_WARN_EMPTY_BODY = YES;
				CLANG_WARN_ENUM_CONVERSION = YES;
				CLANG_WARN_INT_CONVERSION = YES;
				CLANG_WARN_OBJC_ROOT_CLASS = YES_ERROR;
				CLANG_WARN_UNREACHABLE_CODE = YES;
				CLANG_WARN__DUPLICATE_METHOD_MATCH = YES;
				"CODE_SIGN_IDENTITY[sdk=iphoneos*]" = "iPhone Developer";
				COPY_PHASE_STRIP = NO;
				DEBUG_INFORMATION_FORMAT = "dwarf-with-dsym";
				ENABLE_STRICT_OBJC_MSGSEND = YES;
				GCC_C_LANGUAGE_STANDARD = gnu99;
				GCC_DYNAMIC_NO_PIC = NO;
				GCC_NO_COMMON_BLOCKS = YES;
				GCC_OPTIMIZATION_LEVEL = 0;
				GCC_PREPROCESSOR_DEFINITIONS = (
					"DEBUG=1",
					"$(inherited)",
				);
				GCC_SYMBOLS_PRIVATE_EXTERN = NO;
				GCC_WARN_64_TO_32_BIT_CONVERSION = YES;
				GCC_WARN_ABOUT_RETURN_TYPE = YES_ERROR;
				GCC_WARN_UNDECLARED_SELECTOR = YES;
				GCC_WARN_UNINITIALIZED_AUTOS = YES_AGGRESSIVE;
				GCC_WARN_UNUSED_FUNCTION = YES;
				GCC_WARN_UNUSED_VARIABLE = YES;
				IPHONEOS_DEPLOYMENT_TARGET = 8.3;
				MTL_ENABLE_DEBUG_INFO = YES;
				ONLY_ACTIVE_ARCH = YES;
				SDKROOT = iphoneos;
				TARGETED_DEVICE_FAMILY = "1,2";
			};
			name = Debug;
		};
		FA1927C21B0C6DF400B2F0CD /* Release */ = {
			isa = XCBuildConfiguration;
			buildSettings = {
				ALWAYS_SEARCH_USER_PATHS = NO;
				CLANG_CXX_LANGUAGE_STANDARD = "gnu++0x";
				CLANG_CXX_LIBRARY = "libc++";
				CLANG_ENABLE_MODULES = YES;
				CLANG_ENABLE_OBJC_ARC = YES;
				CLANG_WARN_BOOL_CONVERSION = YES;
				CLANG_WARN_CONSTANT_CONVERSION = YES;
				CLANG_WARN_DIRECT_OBJC_ISA_USAGE = YES_ERROR;
				CLANG_WARN_EMPTY_BODY = YES;
				CLANG_WARN_ENUM_CONVERSION = YES;
				CLANG_WARN_INT_CONVERSION = YES;
				CLANG_WARN_OBJC_ROOT_CLASS = YES_ERROR;
				CLANG_WARN_UNREACHABLE_CODE = YES;
				CLANG_WARN__DUPLICATE_METHOD_MATCH = YES;
				"CODE_SIGN_IDENTITY[sdk=iphoneos*]" = "iPhone Developer";
				COPY_PHASE_STRIP = NO;
				DEBUG_INFORMATION_FORMAT = "dwarf-with-dsym";
				ENABLE_NS_ASSERTIONS = NO;
				ENABLE_STRICT_OBJC_MSGSEND = YES;
				GCC_C_LANGUAGE_STANDARD = gnu99;
				GCC_NO_COMMON_BLOCKS = YES;
				GCC_WARN_64_TO_32_BIT_CONVERSION = YES;
				GCC_WARN_ABOUT_RETURN_TYPE = YES_ERROR;
				GCC_WARN_UNDECLARED_SELECTOR = YES;
				GCC_WARN_UNINITIALIZED_AUTOS = YES_AGGRESSIVE;
				GCC_WARN_UNUSED_FUNCTION = YES;
				GCC_WARN_UNUSED_VARIABLE = YES;
				IPHONEOS_DEPLOYMENT_TARGET = 8.3;
				MTL_ENABLE_DEBUG_INFO = NO;
				SDKROOT = iphoneos;
				TARGETED_DEVICE_FAMILY = "1,2";
				VALIDATE_PRODUCT = YES;
			};
			name = Release;
		};
		FA1927C41B0C6DF400B2F0CD /* Debug */ = {
			isa = XCBuildConfiguration;
			buildSettings = {
				ASSETCATALOG_COMPILER_APPICON_NAME = AppIcon;
				INFOPLIST_FILE = arrayProject/Info.plist;
				LD_RUNPATH_SEARCH_PATHS = "$(inherited) @executable_path/Frameworks";
				PRODUCT_NAME = "$(TARGET_NAME)";
			};
			name = Debug;
		};
		FA1927C51B0C6DF400B2F0CD /* Release */ = {
			isa = XCBuildConfiguration;
			buildSettings = {
				ASSETCATALOG_COMPILER_APPICON_NAME = AppIcon;
				INFOPLIST_FILE = arrayProject/Info.plist;
				LD_RUNPATH_SEARCH_PATHS = "$(inherited) @executable_path/Frameworks";
				PRODUCT_NAME = "$(TARGET_NAME)";
			};
			name = Release;
		};
		FA1927C71B0C6DF400B2F0CD /* Debug */ = {
			isa = XCBuildConfiguration;
			buildSettings = {
				BUNDLE_LOADER = "$(TEST_HOST)";
				FRAMEWORK_SEARCH_PATHS = (
					"$(SDKROOT)/Developer/Library/Frameworks",
					"$(inherited)",
				);
				GCC_PREPROCESSOR_DEFINITIONS = (
					"DEBUG=1",
					"$(inherited)",
				);
				INFOPLIST_FILE = arrayProjectTests/Info.plist;
				LD_RUNPATH_SEARCH_PATHS = "$(inherited) @executable_path/Frameworks @loader_path/Frameworks";
				PRODUCT_NAME = "$(TARGET_NAME)";
				TEST_HOST = "$(BUILT_PRODUCTS_DIR)/arrayProject.app/arrayProject";
			};
			name = Debug;
		};
		FA1927C81B0C6DF400B2F0CD /* Release */ = {
			isa = XCBuildConfiguration;
			buildSettings = {
				BUNDLE_LOADER = "$(TEST_HOST)";
				FRAMEWORK_SEARCH_PATHS = (
					"$(SDKROOT)/Developer/Library/Frameworks",
					"$(inherited)",
				);
				INFOPLIST_FILE = arrayProjectTests/Info.plist;
				LD_RUNPATH_SEARCH_PATHS = "$(inherited) @executable_path/Frameworks @loader_path/Frameworks";
				PRODUCT_NAME = "$(TARGET_NAME)";
				TEST_HOST = "$(BUILT_PRODUCTS_DIR)/arrayProject.app/arrayProject";
			};
			name = Release;
		};
/* End XCBuildConfiguration section */

/* Begin XCConfigurationList section */
		FA19279B1B0C6DF400B2F0CD /* Build configuration list for PBXProject "arrayProject" */ = {
			isa = XCConfigurationList;
			buildConfigurations = (
				FA1927C11B0C6DF400B2F0CD /* Debug */,
				FA1927C21B0C6DF400B2F0CD /* Release */,
			);
			defaultConfigurationIsVisible = 0;
			defaultConfigurationName = Release;
		};
		FA1927C31B0C6DF400B2F0CD /* Build configuration list for PBXNativeTarget "arrayProject" */ = {
			isa = XCConfigurationList;
			buildConfigurations = (
				FA1927C41B0C6DF400B2F0CD /* Debug */,
				FA1927C51B0C6DF400B2F0CD /* Release */,
			);
			defaultConfigurationIsVisible = 0;
		};
		FA1927C61B0C6DF400B2F0CD /* Build configuration list for PBXNativeTarget "arrayProjectTests" */ = {
			isa = XCConfigurationList;
			buildConfigurations = (
				FA1927C71B0C6DF400B2F0CD /* Debug */,
				FA1927C81B0C6DF400B2F0CD /* Release */,
			);
			defaultConfigurationIsVisible = 0;
		};
/* End XCConfigurationList section */
	};
	rootObject = FA1927981B0C6DF400B2F0CD /* Project object */;
}
